
Microsoft Visual Studio Solution File, Format Version 12.00
# Visual Studio Version 17
VisualStudioVersion = 17.11.35222.181
MinimumVisualStudioVersion = 10.0.40219.1
Project("{FAE04EC0-301F-11D3-BF4B-00C04F79EFBC}") = "MuteMate.Server", "MuteMate.Server\MuteMate.Server.csproj", "{057A101C-23CA-48CB-B1D9-8CC5DD02414A}"
EndProject
Global
	GlobalSection(SolutionConfigurationPlatforms) = preSolution
		Debug|Any CPU = Debug|Any CPU
		Release|Any CPU = Release|Any CPU
	EndGlobalSection
	GlobalSection(ProjectConfigurationPlatforms) = postSolution
		{057A101C-23CA-48CB-B1D9-8CC5DD02414A}.Debug|Any CPU.ActiveCfg = Debug|Any CPU
		{057A101C-23CA-48CB-B1D9-8CC5DD02414A}.Debug|Any CPU.Build.0 = Debug|Any CPU
		{057A101C-23CA-48CB-B1D9-8CC5DD02414A}.Release|Any CPU.ActiveCfg = Release|Any CPU
		{057A101C-23CA-48CB-B1D9-8CC5DD02414A}.Release|Any CPU.Build.0 = Release|Any CPU
	EndGlobalSection
	GlobalSection(SolutionProperties) = preSolution
		HideSolutionNode = FALSE
	EndGlobalSection
	GlobalSection(ExtensibilityGlobals) = postSolution
		SolutionGuid = {23F632CA-E04A-42D7-88C0-621B0416E7AE}
	EndGlobalSection
EndGlobal
